// !$*UTF8*$!
{
	archiveVersion = 1;
	classes = {
	};
	objectVersion = 51;
	objects = {

/* Begin PBXBuildFile section */
		6B7A0506AF42D126FA2D4FF1 /* Pods_SportsApp.framework in Frameworks */ = {isa = PBXBuildFile; fileRef = 85D333339840B3C5662388A6 /* Pods_SportsApp.framework */; };
		8A2532C627AC9AB1000E34D4 /* eventsCell.swift in Sources */ = {isa = PBXBuildFile; fileRef = 8A2532C527AC9AB1000E34D4 /* eventsCell.swift */; };
		8A47387627AB085F0027F58D /* SportsCustomCollectionViewCell.swift in Sources */ = {isa = PBXBuildFile; fileRef = 8A47387527AB085F0027F58D /* SportsCustomCollectionViewCell.swift */; };
		8A47387B27AB1A580027F58D /* SportsPresenter.swift in Sources */ = {isa = PBXBuildFile; fileRef = 8A47387A27AB1A580027F58D /* SportsPresenter.swift */; };
		8AA2B09C27ADCF0C007C45BD /* TeamsCell.swift in Sources */ = {isa = PBXBuildFile; fileRef = 8AA2B09B27ADCF0C007C45BD /* TeamsCell.swift */; };
		8AC78AE527AC2C3600FCE66E /* LeagueDetailsViewController.swift in Sources */ = {isa = PBXBuildFile; fileRef = 8AC78AE427AC2C3600FCE66E /* LeagueDetailsViewController.swift */; };
		8AC97CCC27AC52C70081BB25 /* LeagueDetailsPresenter.swift in Sources */ = {isa = PBXBuildFile; fileRef = 8AC97CCB27AC52C70081BB25 /* LeagueDetailsPresenter.swift */; };
		8ACFF59B27AAEC1500BA55D4 /* SportsCollectionViewController.swift in Sources */ = {isa = PBXBuildFile; fileRef = 8ACFF59A27AAEC1500BA55D4 /* SportsCollectionViewController.swift */; };
		E85B9D2A27A84E4200F01598 /* LeaguesAPIResponse.swift in Sources */ = {isa = PBXBuildFile; fileRef = E85B9D2927A84E4200F01598 /* LeaguesAPIResponse.swift */; };
		E85B9D4F27A8883800F01598 /* SportsAPIResponse.swift in Sources */ = {isa = PBXBuildFile; fileRef = E85B9D4E27A8883700F01598 /* SportsAPIResponse.swift */; };
		E85B9D5127A8889800F01598 /* TeamsAPIResponse.swift in Sources */ = {isa = PBXBuildFile; fileRef = E85B9D5027A8889800F01598 /* TeamsAPIResponse.swift */; };
		E85B9D5327A8891E00F01598 /* EventsAPIResponse.swift in Sources */ = {isa = PBXBuildFile; fileRef = E85B9D5227A8891E00F01598 /* EventsAPIResponse.swift */; };
		E863A06B27A81D610089361C /* APIServices.swift in Sources */ = {isa = PBXBuildFile; fileRef = E863A06A27A81D610089361C /* APIServices.swift */; };
		E876CECB27AB15A1008A0D12 /* LeaguesTableViewController.swift in Sources */ = {isa = PBXBuildFile; fileRef = E876CECA27AB15A1008A0D12 /* LeaguesTableViewController.swift */; };
		E876CECD27AB1767008A0D12 /* LeagueCell.swift in Sources */ = {isa = PBXBuildFile; fileRef = E876CECC27AB1767008A0D12 /* LeagueCell.swift */; };
		E889B3C527A5F24D002C0CC9 /* AmrViewController.swift in Sources */ = {isa = PBXBuildFile; fileRef = E889B3C427A5F24D002C0CC9 /* AmrViewController.swift */; };
		E889B3C927A5F892002C0CC9 /* YoussefViewController.swift in Sources */ = {isa = PBXBuildFile; fileRef = E889B3C827A5F892002C0CC9 /* YoussefViewController.swift */; };
		E8BDD0FE27A73018009C76E7 /* Sport.swift in Sources */ = {isa = PBXBuildFile; fileRef = E8BDD0FD27A73018009C76E7 /* Sport.swift */; };
		E8BDD10127A73078009C76E7 /* LeagueModel.swift in Sources */ = {isa = PBXBuildFile; fileRef = E8BDD10027A73078009C76E7 /* LeagueModel.swift */; };
		E8BDD10327A7309A009C76E7 /* Team.swift in Sources */ = {isa = PBXBuildFile; fileRef = E8BDD10227A7309A009C76E7 /* Team.swift */; };
		E8BDD10527A7320B009C76E7 /* Event.swift in Sources */ = {isa = PBXBuildFile; fileRef = E8BDD10427A7320B009C76E7 /* Event.swift */; };
		E8BDD10727A746A5009C76E7 /* FavouriteLeagues.swift in Sources */ = {isa = PBXBuildFile; fileRef = E8BDD10627A746A5009C76E7 /* FavouriteLeagues.swift */; };
		E8BDD10A27A74B73009C76E7 /* CoreDataServices.swift in Sources */ = {isa = PBXBuildFile; fileRef = E8BDD10927A74B73009C76E7 /* CoreDataServices.swift */; };
		E8BDD10C27A7625C009C76E7 /* CoreDataOperations.swift in Sources */ = {isa = PBXBuildFile; fileRef = E8BDD10B27A7625C009C76E7 /* CoreDataOperations.swift */; };
		E8C8EDCD27A9AF1700BF41F6 /* League.swift in Sources */ = {isa = PBXBuildFile; fileRef = E8C8EDCC27A9AF1700BF41F6 /* League.swift */; };
		E8D30A1927A5EA6C00E34BAC /* AppDelegate.swift in Sources */ = {isa = PBXBuildFile; fileRef = E8D30A1827A5EA6C00E34BAC /* AppDelegate.swift */; };
		E8D30A1B27A5EA6C00E34BAC /* SceneDelegate.swift in Sources */ = {isa = PBXBuildFile; fileRef = E8D30A1A27A5EA6C00E34BAC /* SceneDelegate.swift */; };
		E8D30A1D27A5EA6C00E34BAC /* ViewController.swift in Sources */ = {isa = PBXBuildFile; fileRef = E8D30A1C27A5EA6C00E34BAC /* ViewController.swift */; };
		E8D30A2027A5EA6C00E34BAC /* Main.storyboard in Resources */ = {isa = PBXBuildFile; fileRef = E8D30A1E27A5EA6C00E34BAC /* Main.storyboard */; };
		E8D30A2327A5EA6C00E34BAC /* SportsApp.xcdatamodeld in Sources */ = {isa = PBXBuildFile; fileRef = E8D30A2127A5EA6C00E34BAC /* SportsApp.xcdatamodeld */; };
		E8D30A2527A5EA6E00E34BAC /* Assets.xcassets in Resources */ = {isa = PBXBuildFile; fileRef = E8D30A2427A5EA6E00E34BAC /* Assets.xcassets */; };
		E8D30A2827A5EA6E00E34BAC /* LaunchScreen.storyboard in Resources */ = {isa = PBXBuildFile; fileRef = E8D30A2627A5EA6E00E34BAC /* LaunchScreen.storyboard */; };
		E8D30A3127A5ED7000E34BAC /* Amr.storyboard in Resources */ = {isa = PBXBuildFile; fileRef = E8D30A3027A5ED7000E34BAC /* Amr.storyboard */; };
		E8D30A3327A5ED9000E34BAC /* Youssef.storyboard in Resources */ = {isa = PBXBuildFile; fileRef = E8D30A3227A5ED9000E34BAC /* Youssef.storyboard */; };
		E8E95F3B27AB2B59001ADBC0 /* LeaguesTablePresenter.swift in Sources */ = {isa = PBXBuildFile; fileRef = E8E95F3A27AB2B59001ADBC0 /* LeaguesTablePresenter.swift */; };
		E8F7B9C627AD6515004ECEA2 /* TeamDetailsPresenter.swift in Sources */ = {isa = PBXBuildFile; fileRef = E8F7B9C527AD6515004ECEA2 /* TeamDetailsPresenter.swift */; };
		E8F7B9C827AD654B004ECEA2 /* TeamDetailsViewController.swift in Sources */ = {isa = PBXBuildFile; fileRef = E8F7B9C727AD654B004ECEA2 /* TeamDetailsViewController.swift */; };
		E8FFC11F27AC3737004665BA /* FavouriteLeaguesTablePresenter.swift in Sources */ = {isa = PBXBuildFile; fileRef = E8FFC11E27AC3737004665BA /* FavouriteLeaguesTablePresenter.swift */; };
		E8FFC12127AC3784004665BA /* FavouriteLeaguesTableViewController.swift in Sources */ = {isa = PBXBuildFile; fileRef = E8FFC12027AC3784004665BA /* FavouriteLeaguesTableViewController.swift */; };
/* End PBXBuildFile section */

/* Begin PBXFileReference section */
		31F0F92AFA03EB053F1A9E40 /* Pods-SportsApp.release.xcconfig */ = {isa = PBXFileReference; includeInIndex = 1; lastKnownFileType = text.xcconfig; name = "Pods-SportsApp.release.xcconfig"; path = "Target Support Files/Pods-SportsApp/Pods-SportsApp.release.xcconfig"; sourceTree = "<group>"; };
		593E73799728FAE8471FDF9E /* Pods-SportsApp.debug.xcconfig */ = {isa = PBXFileReference; includeInIndex = 1; lastKnownFileType = text.xcconfig; name = "Pods-SportsApp.debug.xcconfig"; path = "Target Support Files/Pods-SportsApp/Pods-SportsApp.debug.xcconfig"; sourceTree = "<group>"; };
		85D333339840B3C5662388A6 /* Pods_SportsApp.framework */ = {isa = PBXFileReference; explicitFileType = wrapper.framework; includeInIndex = 0; path = Pods_SportsApp.framework; sourceTree = BUILT_PRODUCTS_DIR; };
		8A2532C527AC9AB1000E34D4 /* eventsCell.swift */ = {isa = PBXFileReference; lastKnownFileType = sourcecode.swift; path = eventsCell.swift; sourceTree = "<group>"; };
		8A47387527AB085F0027F58D /* SportsCustomCollectionViewCell.swift */ = {isa = PBXFileReference; lastKnownFileType = sourcecode.swift; path = SportsCustomCollectionViewCell.swift; sourceTree = "<group>"; };
		8A47387A27AB1A580027F58D /* SportsPresenter.swift */ = {isa = PBXFileReference; lastKnownFileType = sourcecode.swift; path = SportsPresenter.swift; sourceTree = "<group>"; };
		8AA2B09B27ADCF0C007C45BD /* TeamsCell.swift */ = {isa = PBXFileReference; lastKnownFileType = sourcecode.swift; path = TeamsCell.swift; sourceTree = "<group>"; };
		8AC78AE427AC2C3600FCE66E /* LeagueDetailsViewController.swift */ = {isa = PBXFileReference; lastKnownFileType = sourcecode.swift; path = LeagueDetailsViewController.swift; sourceTree = "<group>"; };
		8AC97CCB27AC52C70081BB25 /* LeagueDetailsPresenter.swift */ = {isa = PBXFileReference; lastKnownFileType = sourcecode.swift; path = LeagueDetailsPresenter.swift; sourceTree = "<group>"; };
		8ACFF59A27AAEC1500BA55D4 /* SportsCollectionViewController.swift */ = {isa = PBXFileReference; lastKnownFileType = sourcecode.swift; path = SportsCollectionViewController.swift; sourceTree = "<group>"; };
		E85B9D2927A84E4200F01598 /* LeaguesAPIResponse.swift */ = {isa = PBXFileReference; lastKnownFileType = sourcecode.swift; path = LeaguesAPIResponse.swift; sourceTree = "<group>"; };
		E85B9D4E27A8883700F01598 /* SportsAPIResponse.swift */ = {isa = PBXFileReference; lastKnownFileType = sourcecode.swift; path = SportsAPIResponse.swift; sourceTree = "<group>"; };
		E85B9D5027A8889800F01598 /* TeamsAPIResponse.swift */ = {isa = PBXFileReference; lastKnownFileType = sourcecode.swift; path = TeamsAPIResponse.swift; sourceTree = "<group>"; };
		E85B9D5227A8891E00F01598 /* EventsAPIResponse.swift */ = {isa = PBXFileReference; lastKnownFileType = sourcecode.swift; path = EventsAPIResponse.swift; sourceTree = "<group>"; };
		E863A06A27A81D610089361C /* APIServices.swift */ = {isa = PBXFileReference; lastKnownFileType = sourcecode.swift; path = APIServices.swift; sourceTree = "<group>"; };
		E876CECA27AB15A1008A0D12 /* LeaguesTableViewController.swift */ = {isa = PBXFileReference; lastKnownFileType = sourcecode.swift; path = LeaguesTableViewController.swift; sourceTree = "<group>"; };
		E876CECC27AB1767008A0D12 /* LeagueCell.swift */ = {isa = PBXFileReference; lastKnownFileType = sourcecode.swift; path = LeagueCell.swift; sourceTree = "<group>"; };
		E889B3C427A5F24D002C0CC9 /* AmrViewController.swift */ = {isa = PBXFileReference; lastKnownFileType = sourcecode.swift; path = AmrViewController.swift; sourceTree = "<group>"; };
		E889B3C827A5F892002C0CC9 /* YoussefViewController.swift */ = {isa = PBXFileReference; lastKnownFileType = sourcecode.swift; path = YoussefViewController.swift; sourceTree = "<group>"; };
		E8BDD0FD27A73018009C76E7 /* Sport.swift */ = {isa = PBXFileReference; lastKnownFileType = sourcecode.swift; path = Sport.swift; sourceTree = "<group>"; };
		E8BDD10027A73078009C76E7 /* LeagueModel.swift */ = {isa = PBXFileReference; lastKnownFileType = sourcecode.swift; path = LeagueModel.swift; sourceTree = "<group>"; };
		E8BDD10227A7309A009C76E7 /* Team.swift */ = {isa = PBXFileReference; lastKnownFileType = sourcecode.swift; path = Team.swift; sourceTree = "<group>"; };
		E8BDD10427A7320B009C76E7 /* Event.swift */ = {isa = PBXFileReference; lastKnownFileType = sourcecode.swift; path = Event.swift; sourceTree = "<group>"; };
		E8BDD10627A746A5009C76E7 /* FavouriteLeagues.swift */ = {isa = PBXFileReference; lastKnownFileType = sourcecode.swift; path = FavouriteLeagues.swift; sourceTree = "<group>"; };
		E8BDD10927A74B73009C76E7 /* CoreDataServices.swift */ = {isa = PBXFileReference; lastKnownFileType = sourcecode.swift; path = CoreDataServices.swift; sourceTree = "<group>"; };
		E8BDD10B27A7625C009C76E7 /* CoreDataOperations.swift */ = {isa = PBXFileReference; lastKnownFileType = sourcecode.swift; path = CoreDataOperations.swift; sourceTree = "<group>"; };
		E8C8EDCC27A9AF1700BF41F6 /* League.swift */ = {isa = PBXFileReference; lastKnownFileType = sourcecode.swift; path = League.swift; sourceTree = "<group>"; };
		E8D30A1527A5EA6C00E34BAC /* SportsApp.app */ = {isa = PBXFileReference; explicitFileType = wrapper.application; includeInIndex = 0; path = SportsApp.app; sourceTree = BUILT_PRODUCTS_DIR; };
		E8D30A1827A5EA6C00E34BAC /* AppDelegate.swift */ = {isa = PBXFileReference; lastKnownFileType = sourcecode.swift; path = AppDelegate.swift; sourceTree = "<group>"; };
		E8D30A1A27A5EA6C00E34BAC /* SceneDelegate.swift */ = {isa = PBXFileReference; lastKnownFileType = sourcecode.swift; path = SceneDelegate.swift; sourceTree = "<group>"; };
		E8D30A1C27A5EA6C00E34BAC /* ViewController.swift */ = {isa = PBXFileReference; lastKnownFileType = sourcecode.swift; path = ViewController.swift; sourceTree = "<group>"; };
		E8D30A1F27A5EA6C00E34BAC /* Base */ = {isa = PBXFileReference; lastKnownFileType = file.storyboard; name = Base; path = Base.lproj/Main.storyboard; sourceTree = "<group>"; };
		E8D30A2227A5EA6C00E34BAC /* SportsApp.xcdatamodel */ = {isa = PBXFileReference; lastKnownFileType = wrapper.xcdatamodel; path = SportsApp.xcdatamodel; sourceTree = "<group>"; };
		E8D30A2427A5EA6E00E34BAC /* Assets.xcassets */ = {isa = PBXFileReference; lastKnownFileType = folder.assetcatalog; path = Assets.xcassets; sourceTree = "<group>"; };
		E8D30A2727A5EA6E00E34BAC /* Base */ = {isa = PBXFileReference; lastKnownFileType = file.storyboard; name = Base; path = Base.lproj/LaunchScreen.storyboard; sourceTree = "<group>"; };
		E8D30A2927A5EA6E00E34BAC /* Info.plist */ = {isa = PBXFileReference; lastKnownFileType = text.plist.xml; path = Info.plist; sourceTree = "<group>"; };
		E8D30A3027A5ED7000E34BAC /* Amr.storyboard */ = {isa = PBXFileReference; lastKnownFileType = file.storyboard; path = Amr.storyboard; sourceTree = "<group>"; };
		E8D30A3227A5ED9000E34BAC /* Youssef.storyboard */ = {isa = PBXFileReference; lastKnownFileType = file.storyboard; path = Youssef.storyboard; sourceTree = "<group>"; };
		E8E95F3A27AB2B59001ADBC0 /* LeaguesTablePresenter.swift */ = {isa = PBXFileReference; lastKnownFileType = sourcecode.swift; path = LeaguesTablePresenter.swift; sourceTree = "<group>"; };
		E8F7B9C527AD6515004ECEA2 /* TeamDetailsPresenter.swift */ = {isa = PBXFileReference; lastKnownFileType = sourcecode.swift; path = TeamDetailsPresenter.swift; sourceTree = "<group>"; };
		E8F7B9C727AD654B004ECEA2 /* TeamDetailsViewController.swift */ = {isa = PBXFileReference; lastKnownFileType = sourcecode.swift; path = TeamDetailsViewController.swift; sourceTree = "<group>"; };
		E8FFC11E27AC3737004665BA /* FavouriteLeaguesTablePresenter.swift */ = {isa = PBXFileReference; lastKnownFileType = sourcecode.swift; path = FavouriteLeaguesTablePresenter.swift; sourceTree = "<group>"; };
		E8FFC12027AC3784004665BA /* FavouriteLeaguesTableViewController.swift */ = {isa = PBXFileReference; lastKnownFileType = sourcecode.swift; path = FavouriteLeaguesTableViewController.swift; sourceTree = "<group>"; };
/* End PBXFileReference section */

/* Begin PBXFrameworksBuildPhase section */
		E8D30A1227A5EA6C00E34BAC /* Frameworks */ = {
			isa = PBXFrameworksBuildPhase;
			buildActionMask = 2147483647;
			files = (
				6B7A0506AF42D126FA2D4FF1 /* Pods_SportsApp.framework in Frameworks */,
			);
			runOnlyForDeploymentPostprocessing = 0;
		};
/* End PBXFrameworksBuildPhase section */

/* Begin PBXGroup section */
		88C535AEBDB32270A58DD17A /* Frameworks */ = {
			isa = PBXGroup;
			children = (
				85D333339840B3C5662388A6 /* Pods_SportsApp.framework */,
			);
			name = Frameworks;
			sourceTree = "<group>";
		};
		8A47387827AB0AF20027F58D /* View */ = {
			isa = PBXGroup;
			children = (
				8ACFF59A27AAEC1500BA55D4 /* SportsCollectionViewController.swift */,
				8A47387527AB085F0027F58D /* SportsCustomCollectionViewCell.swift */,
			);
			path = View;
			sourceTree = "<group>";
		};
		8A47387927AB1A1B0027F58D /* Preseneter */ = {
			isa = PBXGroup;
			children = (
				8A47387A27AB1A580027F58D /* SportsPresenter.swift */,
			);
			path = Preseneter;
			sourceTree = "<group>";
		};
		8AC78AE127AC2AF300FCE66E /* League Details Screen */ = {
			isa = PBXGroup;
			children = (
				8AC78AE327AC2BF600FCE66E /* Presenter */,
				8AC78AE227AC2B1200FCE66E /* View */,
			);
			path = "League Details Screen";
			sourceTree = "<group>";
		};
		8AC78AE227AC2B1200FCE66E /* View */ = {
			isa = PBXGroup;
			children = (
				8AC78AE427AC2C3600FCE66E /* LeagueDetailsViewController.swift */,
				8A2532C527AC9AB1000E34D4 /* eventsCell.swift */,
				8AA2B09B27ADCF0C007C45BD /* TeamsCell.swift */,
			);
			path = View;
			sourceTree = "<group>";
		};
		8AC78AE327AC2BF600FCE66E /* Presenter */ = {
			isa = PBXGroup;
			children = (
				8AC97CCB27AC52C70081BB25 /* LeagueDetailsPresenter.swift */,
			);
			path = Presenter;
			sourceTree = "<group>";
		};
		8ACFF59927AAEBD900BA55D4 /* Sports Screen */ = {
			isa = PBXGroup;
			children = (
				8A47387927AB1A1B0027F58D /* Preseneter */,
				8A47387827AB0AF20027F58D /* View */,
			);
			path = "Sports Screen";
			sourceTree = "<group>";
		};
		8F3AAE539A5120E1B6251733 /* Pods */ = {
			isa = PBXGroup;
			children = (
				593E73799728FAE8471FDF9E /* Pods-SportsApp.debug.xcconfig */,
				31F0F92AFA03EB053F1A9E40 /* Pods-SportsApp.release.xcconfig */,
			);
			path = Pods;
			sourceTree = "<group>";
		};
		E83E80CC27AACEB8009784C0 /* Modules */ = {
			isa = PBXGroup;
			children = (

				E8F7B9C227AD64A6004ECEA2 /* Team Details Screen */,
				E8FFC11B27AC36EB004665BA /* Favourite Leagues Screen */,

				8AC78AE127AC2AF300FCE66E /* League Details Screen */,

				E876CEC927AB1568008A0D12 /* Leagues Screen */,
				8ACFF59927AAEBD900BA55D4 /* Sports Screen */,
				E8FFC11A27AC34C5004665BA /* Shared Views */,
				E83E80CE27AACF4A009784C0 /* Main */,
				E83E80CD27AACEEE009784C0 /* Drafts */,
			);
			path = Modules;
			sourceTree = "<group>";
		};
		E83E80CD27AACEEE009784C0 /* Drafts */ = {
			isa = PBXGroup;
			children = (
				E889B3C827A5F892002C0CC9 /* YoussefViewController.swift */,
				E889B3C427A5F24D002C0CC9 /* AmrViewController.swift */,
			);
			path = Drafts;
			sourceTree = "<group>";
		};
		E83E80CE27AACF4A009784C0 /* Main */ = {
			isa = PBXGroup;
			children = (
				E8D30A1C27A5EA6C00E34BAC /* ViewController.swift */,
			);
			path = Main;
			sourceTree = "<group>";
		};
		E83E80CF27AACF5F009784C0 /* Utility */ = {
			isa = PBXGroup;
			children = (
				E8D30A1827A5EA6C00E34BAC /* AppDelegate.swift */,
				E8D30A1A27A5EA6C00E34BAC /* SceneDelegate.swift */,
			);
			path = Utility;
			sourceTree = "<group>";
		};
		E85B9D5427A889C100F01598 /* Teams Models */ = {
			isa = PBXGroup;
			children = (
				E8BDD10227A7309A009C76E7 /* Team.swift */,
				E85B9D5027A8889800F01598 /* TeamsAPIResponse.swift */,
			);
			path = "Teams Models";
			sourceTree = "<group>";
		};
		E85B9D5527A889C700F01598 /* Events Models */ = {
			isa = PBXGroup;
			children = (
				E8BDD10427A7320B009C76E7 /* Event.swift */,
				E85B9D5227A8891E00F01598 /* EventsAPIResponse.swift */,
			);
			path = "Events Models";
			sourceTree = "<group>";
		};
		E85B9D5627A889CC00F01598 /* Leagues Models */ = {
			isa = PBXGroup;
			children = (
				E8C8EDCC27A9AF1700BF41F6 /* League.swift */,
				E85B9D2927A84E4200F01598 /* LeaguesAPIResponse.swift */,
				E8BDD10627A746A5009C76E7 /* FavouriteLeagues.swift */,
				E8BDD10027A73078009C76E7 /* LeagueModel.swift */,
			);
			path = "Leagues Models";
			sourceTree = "<group>";
		};
		E85B9D5727A889D000F01598 /* Sports Models */ = {
			isa = PBXGroup;
			children = (
				E8BDD0FD27A73018009C76E7 /* Sport.swift */,
				E85B9D4E27A8883700F01598 /* SportsAPIResponse.swift */,
			);
			path = "Sports Models";
			sourceTree = "<group>";
		};
		E863A06927A81D170089361C /* APIService */ = {
			isa = PBXGroup;
			children = (
				E863A06A27A81D610089361C /* APIServices.swift */,
			);
			path = APIService;
			sourceTree = "<group>";
		};
		E876CEC927AB1568008A0D12 /* Leagues Screen */ = {
			isa = PBXGroup;
			children = (
				E8E95F3D27AB4B54001ADBC0 /* Presenter */,
				E8E95F3C27AB4B3E001ADBC0 /* View */,
			);
			path = "Leagues Screen";
			sourceTree = "<group>";
		};
		E8BDD0FF27A73023009C76E7 /* Models */ = {
			isa = PBXGroup;
			children = (
				E85B9D5727A889D000F01598 /* Sports Models */,
				E85B9D5627A889CC00F01598 /* Leagues Models */,
				E85B9D5527A889C700F01598 /* Events Models */,
				E85B9D5427A889C100F01598 /* Teams Models */,
			);
			path = Models;
			sourceTree = "<group>";
		};
		E8BDD10827A74B4C009C76E7 /* Services */ = {
			isa = PBXGroup;
			children = (
				E863A06927A81D170089361C /* APIService */,
				E8BDD10F27A762D0009C76E7 /* CoreDataService */,
			);
			path = Services;
			sourceTree = "<group>";
		};
		E8BDD10F27A762D0009C76E7 /* CoreDataService */ = {
			isa = PBXGroup;
			children = (
				E8BDD10927A74B73009C76E7 /* CoreDataServices.swift */,
				E8BDD10B27A7625C009C76E7 /* CoreDataOperations.swift */,
			);
			path = CoreDataService;
			sourceTree = "<group>";
		};
		E8D30A0C27A5EA6C00E34BAC = {
			isa = PBXGroup;
			children = (
				E8D30A1727A5EA6C00E34BAC /* SportsApp */,
				E8D30A1627A5EA6C00E34BAC /* Products */,
				8F3AAE539A5120E1B6251733 /* Pods */,
				88C535AEBDB32270A58DD17A /* Frameworks */,
			);
			sourceTree = "<group>";
		};
		E8D30A1627A5EA6C00E34BAC /* Products */ = {
			isa = PBXGroup;
			children = (
				E8D30A1527A5EA6C00E34BAC /* SportsApp.app */,
			);
			name = Products;
			sourceTree = "<group>";
		};
		E8D30A1727A5EA6C00E34BAC /* SportsApp */ = {
			isa = PBXGroup;
			children = (
				E8BDD0FF27A73023009C76E7 /* Models */,
				E8BDD10827A74B4C009C76E7 /* Services */,
				E83E80CC27AACEB8009784C0 /* Modules */,
				E8D30A3427A5ED9A00E34BAC /* Storyboards */,
				E83E80CF27AACF5F009784C0 /* Utility */,
				E8D30A2427A5EA6E00E34BAC /* Assets.xcassets */,
				E8D30A2927A5EA6E00E34BAC /* Info.plist */,
				E8D30A2127A5EA6C00E34BAC /* SportsApp.xcdatamodeld */,
			);
			path = SportsApp;
			sourceTree = "<group>";
		};
		E8D30A3427A5ED9A00E34BAC /* Storyboards */ = {
			isa = PBXGroup;
			children = (
				E8D30A3027A5ED7000E34BAC /* Amr.storyboard */,
				E8D30A3227A5ED9000E34BAC /* Youssef.storyboard */,
				E8D30A1E27A5EA6C00E34BAC /* Main.storyboard */,
				E8D30A2627A5EA6E00E34BAC /* LaunchScreen.storyboard */,
			);
			path = Storyboards;
			sourceTree = "<group>";
		};
		E8E95F3C27AB4B3E001ADBC0 /* View */ = {
			isa = PBXGroup;
			children = (
				E876CECA27AB15A1008A0D12 /* LeaguesTableViewController.swift */,
			);
			path = View;
			sourceTree = "<group>";
		};
		E8E95F3D27AB4B54001ADBC0 /* Presenter */ = {
			isa = PBXGroup;
			children = (
				E8E95F3A27AB2B59001ADBC0 /* LeaguesTablePresenter.swift */,
			);
			path = Presenter;
			sourceTree = "<group>";
		};
		E8F7B9C227AD64A6004ECEA2 /* Team Details Screen */ = {
			isa = PBXGroup;
			children = (
				E8F7B9C327AD64BD004ECEA2 /* Presenter  */,
				E8F7B9C427AD64DF004ECEA2 /* View */,
			);
			path = "Team Details Screen";
			sourceTree = "<group>";
		};
		E8F7B9C327AD64BD004ECEA2 /* Presenter  */ = {
			isa = PBXGroup;
			children = (
				E8F7B9C527AD6515004ECEA2 /* TeamDetailsPresenter.swift */,
			);
			path = "Presenter ";
			sourceTree = "<group>";
		};
		E8F7B9C427AD64DF004ECEA2 /* View */ = {
			isa = PBXGroup;
			children = (
				E8F7B9C727AD654B004ECEA2 /* TeamDetailsViewController.swift */,
			);
			path = View;
			sourceTree = "<group>";
		};
		E8FFC11A27AC34C5004665BA /* Shared Views */ = {
			isa = PBXGroup;
			children = (
				E876CECC27AB1767008A0D12 /* LeagueCell.swift */,
			);
			path = "Shared Views";
			sourceTree = "<group>";
		};
		E8FFC11B27AC36EB004665BA /* Favourite Leagues Screen */ = {
			isa = PBXGroup;
			children = (
				E8FFC11C27AC36FA004665BA /* Presenter */,
				E8FFC11D27AC3702004665BA /* View */,
			);
			path = "Favourite Leagues Screen";
			sourceTree = "<group>";
		};
		E8FFC11C27AC36FA004665BA /* Presenter */ = {
			isa = PBXGroup;
			children = (
				E8FFC11E27AC3737004665BA /* FavouriteLeaguesTablePresenter.swift */,
			);
			path = Presenter;
			sourceTree = "<group>";
		};
		E8FFC11D27AC3702004665BA /* View */ = {
			isa = PBXGroup;
			children = (
				E8FFC12027AC3784004665BA /* FavouriteLeaguesTableViewController.swift */,
			);
			path = View;
			sourceTree = "<group>";
		};
/* End PBXGroup section */

/* Begin PBXNativeTarget section */
		E8D30A1427A5EA6C00E34BAC /* SportsApp */ = {
			isa = PBXNativeTarget;
			buildConfigurationList = E8D30A2C27A5EA6E00E34BAC /* Build configuration list for PBXNativeTarget "SportsApp" */;
			buildPhases = (
				2E2610F054F4D329C3DB40F1 /* [CP] Check Pods Manifest.lock */,
				E8D30A1127A5EA6C00E34BAC /* Sources */,
				E8D30A1227A5EA6C00E34BAC /* Frameworks */,
				E8D30A1327A5EA6C00E34BAC /* Resources */,
				1E316BB146349FD1FCFCB318 /* [CP] Embed Pods Frameworks */,
			);
			buildRules = (
			);
			dependencies = (
			);
			name = SportsApp;
			productName = SportsApp;
			productReference = E8D30A1527A5EA6C00E34BAC /* SportsApp.app */;
			productType = "com.apple.product-type.application";
		};
/* End PBXNativeTarget section */

/* Begin PBXProject section */
		E8D30A0D27A5EA6C00E34BAC /* Project object */ = {
			isa = PBXProject;
			attributes = {
				LastSwiftUpdateCheck = 1150;
				LastUpgradeCheck = 1150;
				ORGANIZATIONNAME = Youssef;
				TargetAttributes = {
					E8D30A1427A5EA6C00E34BAC = {
						CreatedOnToolsVersion = 11.5;
					};
				};
			};
			buildConfigurationList = E8D30A1027A5EA6C00E34BAC /* Build configuration list for PBXProject "SportsApp" */;
			compatibilityVersion = "Xcode 9.3";
			developmentRegion = en;
			hasScannedForEncodings = 0;
			knownRegions = (
				en,
				Base,
			);
			mainGroup = E8D30A0C27A5EA6C00E34BAC;
			productRefGroup = E8D30A1627A5EA6C00E34BAC /* Products */;
			projectDirPath = "";
			projectRoot = "";
			targets = (
				E8D30A1427A5EA6C00E34BAC /* SportsApp */,
			);
		};
/* End PBXProject section */

/* Begin PBXResourcesBuildPhase section */
		E8D30A1327A5EA6C00E34BAC /* Resources */ = {
			isa = PBXResourcesBuildPhase;
			buildActionMask = 2147483647;
			files = (
				E8D30A2827A5EA6E00E34BAC /* LaunchScreen.storyboard in Resources */,
				E8D30A3127A5ED7000E34BAC /* Amr.storyboard in Resources */,
				E8D30A3327A5ED9000E34BAC /* Youssef.storyboard in Resources */,
				E8D30A2527A5EA6E00E34BAC /* Assets.xcassets in Resources */,
				E8D30A2027A5EA6C00E34BAC /* Main.storyboard in Resources */,
			);
			runOnlyForDeploymentPostprocessing = 0;
		};
/* End PBXResourcesBuildPhase section */

/* Begin PBXShellScriptBuildPhase section */
		1E316BB146349FD1FCFCB318 /* [CP] Embed Pods Frameworks */ = {
			isa = PBXShellScriptBuildPhase;
			buildActionMask = 2147483647;
			files = (
			);
			inputFileListPaths = (
				"${PODS_ROOT}/Target Support Files/Pods-SportsApp/Pods-SportsApp-frameworks-${CONFIGURATION}-input-files.xcfilelist",
			);
			name = "[CP] Embed Pods Frameworks";
			outputFileListPaths = (
				"${PODS_ROOT}/Target Support Files/Pods-SportsApp/Pods-SportsApp-frameworks-${CONFIGURATION}-output-files.xcfilelist",
			);
			runOnlyForDeploymentPostprocessing = 0;
			shellPath = /bin/sh;
			shellScript = "\"${PODS_ROOT}/Target Support Files/Pods-SportsApp/Pods-SportsApp-frameworks.sh\"\n";
			showEnvVarsInLog = 0;
		};
		2E2610F054F4D329C3DB40F1 /* [CP] Check Pods Manifest.lock */ = {
			isa = PBXShellScriptBuildPhase;
			buildActionMask = 2147483647;
			files = (
			);
			inputFileListPaths = (
			);
			inputPaths = (
				"${PODS_PODFILE_DIR_PATH}/Podfile.lock",
				"${PODS_ROOT}/Manifest.lock",
			);
			name = "[CP] Check Pods Manifest.lock";
			outputFileListPaths = (
			);
			outputPaths = (
				"$(DERIVED_FILE_DIR)/Pods-SportsApp-checkManifestLockResult.txt",
			);
			runOnlyForDeploymentPostprocessing = 0;
			shellPath = /bin/sh;
			shellScript = "diff \"${PODS_PODFILE_DIR_PATH}/Podfile.lock\" \"${PODS_ROOT}/Manifest.lock\" > /dev/null\nif [ $? != 0 ] ; then\n    # print error to STDERR\n    echo \"error: The sandbox is not in sync with the Podfile.lock. Run 'pod install' or update your CocoaPods installation.\" >&2\n    exit 1\nfi\n# This output is used by Xcode 'outputs' to avoid re-running this script phase.\necho \"SUCCESS\" > \"${SCRIPT_OUTPUT_FILE_0}\"\n";
			showEnvVarsInLog = 0;
		};
/* End PBXShellScriptBuildPhase section */

/* Begin PBXSourcesBuildPhase section */
		E8D30A1127A5EA6C00E34BAC /* Sources */ = {
			isa = PBXSourcesBuildPhase;
			buildActionMask = 2147483647;
			files = (
				E8BDD10A27A74B73009C76E7 /* CoreDataServices.swift in Sources */,
				E8F7B9C827AD654B004ECEA2 /* TeamDetailsViewController.swift in Sources */,
				E8BDD10127A73078009C76E7 /* LeagueModel.swift in Sources */,
				E8F7B9C627AD6515004ECEA2 /* TeamDetailsPresenter.swift in Sources */,
				E8FFC12127AC3784004665BA /* FavouriteLeaguesTableViewController.swift in Sources */,
				E8D30A1D27A5EA6C00E34BAC /* ViewController.swift in Sources */,
				E8BDD10327A7309A009C76E7 /* Team.swift in Sources */,
				8A2532C627AC9AB1000E34D4 /* eventsCell.swift in Sources */,
				8AC97CCC27AC52C70081BB25 /* LeagueDetailsPresenter.swift in Sources */,
				8AA2B09C27ADCF0C007C45BD /* TeamsCell.swift in Sources */,
				E85B9D5327A8891E00F01598 /* EventsAPIResponse.swift in Sources */,
				E8D30A1927A5EA6C00E34BAC /* AppDelegate.swift in Sources */,
				8A47387627AB085F0027F58D /* SportsCustomCollectionViewCell.swift in Sources */,
				E8D30A2327A5EA6C00E34BAC /* SportsApp.xcdatamodeld in Sources */,
				8AC78AE527AC2C3600FCE66E /* LeagueDetailsViewController.swift in Sources */,
				E8D30A1B27A5EA6C00E34BAC /* SceneDelegate.swift in Sources */,
				E876CECB27AB15A1008A0D12 /* LeaguesTableViewController.swift in Sources */,
				E8BDD10C27A7625C009C76E7 /* CoreDataOperations.swift in Sources */,
				8ACFF59B27AAEC1500BA55D4 /* SportsCollectionViewController.swift in Sources */,
				E85B9D2A27A84E4200F01598 /* LeaguesAPIResponse.swift in Sources */,
				E8BDD0FE27A73018009C76E7 /* Sport.swift in Sources */,
				E889B3C527A5F24D002C0CC9 /* AmrViewController.swift in Sources */,
				E85B9D4F27A8883800F01598 /* SportsAPIResponse.swift in Sources */,
				8A47387B27AB1A580027F58D /* SportsPresenter.swift in Sources */,
				E8BDD10527A7320B009C76E7 /* Event.swift in Sources */,
				E85B9D5127A8889800F01598 /* TeamsAPIResponse.swift in Sources */,
				E8E95F3B27AB2B59001ADBC0 /* LeaguesTablePresenter.swift in Sources */,
				E8BDD10727A746A5009C76E7 /* FavouriteLeagues.swift in Sources */,
				E8C8EDCD27A9AF1700BF41F6 /* League.swift in Sources */,
				E889B3C927A5F892002C0CC9 /* YoussefViewController.swift in Sources */,
				E876CECD27AB1767008A0D12 /* LeagueCell.swift in Sources */,
				E863A06B27A81D610089361C /* APIServices.swift in Sources */,
				E8FFC11F27AC3737004665BA /* FavouriteLeaguesTablePresenter.swift in Sources */,
			);
			runOnlyForDeploymentPostprocessing = 0;
		};
/* End PBXSourcesBuildPhase section */

/* Begin PBXVariantGroup section */
		E8D30A1E27A5EA6C00E34BAC /* Main.storyboard */ = {
			isa = PBXVariantGroup;
			children = (
				E8D30A1F27A5EA6C00E34BAC /* Base */,
			);
			name = Main.storyboard;
			sourceTree = "<group>";
		};
		E8D30A2627A5EA6E00E34BAC /* LaunchScreen.storyboard */ = {
			isa = PBXVariantGroup;
			children = (
				E8D30A2727A5EA6E00E34BAC /* Base */,
			);
			name = LaunchScreen.storyboard;
			sourceTree = "<group>";
		};
/* End PBXVariantGroup section */

/* Begin XCBuildConfiguration section */
		E8D30A2A27A5EA6E00E34BAC /* Debug */ = {
			isa = XCBuildConfiguration;
			buildSettings = {
				ALWAYS_SEARCH_USER_PATHS = NO;
				CLANG_ANALYZER_NONNULL = YES;
				CLANG_ANALYZER_NUMBER_OBJECT_CONVERSION = YES_AGGRESSIVE;
				CLANG_CXX_LANGUAGE_STANDARD = "gnu++14";
				CLANG_CXX_LIBRARY = "libc++";
				CLANG_ENABLE_MODULES = YES;
				CLANG_ENABLE_OBJC_ARC = YES;
				CLANG_ENABLE_OBJC_WEAK = YES;
				CLANG_WARN_BLOCK_CAPTURE_AUTORELEASING = YES;
				CLANG_WARN_BOOL_CONVERSION = YES;
				CLANG_WARN_COMMA = YES;
				CLANG_WARN_CONSTANT_CONVERSION = YES;
				CLANG_WARN_DEPRECATED_OBJC_IMPLEMENTATIONS = YES;
				CLANG_WARN_DIRECT_OBJC_ISA_USAGE = YES_ERROR;
				CLANG_WARN_DOCUMENTATION_COMMENTS = YES;
				CLANG_WARN_EMPTY_BODY = YES;
				CLANG_WARN_ENUM_CONVERSION = YES;
				CLANG_WARN_INFINITE_RECURSION = YES;
				CLANG_WARN_INT_CONVERSION = YES;
				CLANG_WARN_NON_LITERAL_NULL_CONVERSION = YES;
				CLANG_WARN_OBJC_IMPLICIT_RETAIN_SELF = YES;
				CLANG_WARN_OBJC_LITERAL_CONVERSION = YES;
				CLANG_WARN_OBJC_ROOT_CLASS = YES_ERROR;
				CLANG_WARN_RANGE_LOOP_ANALYSIS = YES;
				CLANG_WARN_STRICT_PROTOTYPES = YES;
				CLANG_WARN_SUSPICIOUS_MOVE = YES;
				CLANG_WARN_UNGUARDED_AVAILABILITY = YES_AGGRESSIVE;
				CLANG_WARN_UNREACHABLE_CODE = YES;
				CLANG_WARN__DUPLICATE_METHOD_MATCH = YES;
				COPY_PHASE_STRIP = NO;
				DEBUG_INFORMATION_FORMAT = dwarf;
				ENABLE_STRICT_OBJC_MSGSEND = YES;
				ENABLE_TESTABILITY = YES;
				GCC_C_LANGUAGE_STANDARD = gnu11;
				GCC_DYNAMIC_NO_PIC = NO;
				GCC_NO_COMMON_BLOCKS = YES;
				GCC_OPTIMIZATION_LEVEL = 0;
				GCC_PREPROCESSOR_DEFINITIONS = (
					"DEBUG=1",
					"$(inherited)",
				);
				GCC_WARN_64_TO_32_BIT_CONVERSION = YES;
				GCC_WARN_ABOUT_RETURN_TYPE = YES_ERROR;
				GCC_WARN_UNDECLARED_SELECTOR = YES;
				GCC_WARN_UNINITIALIZED_AUTOS = YES_AGGRESSIVE;
				GCC_WARN_UNUSED_FUNCTION = YES;
				GCC_WARN_UNUSED_VARIABLE = YES;
				IPHONEOS_DEPLOYMENT_TARGET = 13.5;
				MTL_ENABLE_DEBUG_INFO = INCLUDE_SOURCE;
				MTL_FAST_MATH = YES;
				ONLY_ACTIVE_ARCH = YES;
				SDKROOT = iphoneos;
				SWIFT_ACTIVE_COMPILATION_CONDITIONS = DEBUG;
				SWIFT_OPTIMIZATION_LEVEL = "-Onone";
			};
			name = Debug;
		};
		E8D30A2B27A5EA6E00E34BAC /* Release */ = {
			isa = XCBuildConfiguration;
			buildSettings = {
				ALWAYS_SEARCH_USER_PATHS = NO;
				CLANG_ANALYZER_NONNULL = YES;
				CLANG_ANALYZER_NUMBER_OBJECT_CONVERSION = YES_AGGRESSIVE;
				CLANG_CXX_LANGUAGE_STANDARD = "gnu++14";
				CLANG_CXX_LIBRARY = "libc++";
				CLANG_ENABLE_MODULES = YES;
				CLANG_ENABLE_OBJC_ARC = YES;
				CLANG_ENABLE_OBJC_WEAK = YES;
				CLANG_WARN_BLOCK_CAPTURE_AUTORELEASING = YES;
				CLANG_WARN_BOOL_CONVERSION = YES;
				CLANG_WARN_COMMA = YES;
				CLANG_WARN_CONSTANT_CONVERSION = YES;
				CLANG_WARN_DEPRECATED_OBJC_IMPLEMENTATIONS = YES;
				CLANG_WARN_DIRECT_OBJC_ISA_USAGE = YES_ERROR;
				CLANG_WARN_DOCUMENTATION_COMMENTS = YES;
				CLANG_WARN_EMPTY_BODY = YES;
				CLANG_WARN_ENUM_CONVERSION = YES;
				CLANG_WARN_INFINITE_RECURSION = YES;
				CLANG_WARN_INT_CONVERSION = YES;
				CLANG_WARN_NON_LITERAL_NULL_CONVERSION = YES;
				CLANG_WARN_OBJC_IMPLICIT_RETAIN_SELF = YES;
				CLANG_WARN_OBJC_LITERAL_CONVERSION = YES;
				CLANG_WARN_OBJC_ROOT_CLASS = YES_ERROR;
				CLANG_WARN_RANGE_LOOP_ANALYSIS = YES;
				CLANG_WARN_STRICT_PROTOTYPES = YES;
				CLANG_WARN_SUSPICIOUS_MOVE = YES;
				CLANG_WARN_UNGUARDED_AVAILABILITY = YES_AGGRESSIVE;
				CLANG_WARN_UNREACHABLE_CODE = YES;
				CLANG_WARN__DUPLICATE_METHOD_MATCH = YES;
				COPY_PHASE_STRIP = NO;
				DEBUG_INFORMATION_FORMAT = "dwarf-with-dsym";
				ENABLE_NS_ASSERTIONS = NO;
				ENABLE_STRICT_OBJC_MSGSEND = YES;
				GCC_C_LANGUAGE_STANDARD = gnu11;
				GCC_NO_COMMON_BLOCKS = YES;
				GCC_WARN_64_TO_32_BIT_CONVERSION = YES;
				GCC_WARN_ABOUT_RETURN_TYPE = YES_ERROR;
				GCC_WARN_UNDECLARED_SELECTOR = YES;
				GCC_WARN_UNINITIALIZED_AUTOS = YES_AGGRESSIVE;
				GCC_WARN_UNUSED_FUNCTION = YES;
				GCC_WARN_UNUSED_VARIABLE = YES;
				IPHONEOS_DEPLOYMENT_TARGET = 13.5;
				MTL_ENABLE_DEBUG_INFO = NO;
				MTL_FAST_MATH = YES;
				SDKROOT = iphoneos;
				SWIFT_COMPILATION_MODE = wholemodule;
				SWIFT_OPTIMIZATION_LEVEL = "-O";
				VALIDATE_PRODUCT = YES;
			};
			name = Release;
		};
		E8D30A2D27A5EA6E00E34BAC /* Debug */ = {
			isa = XCBuildConfiguration;
			baseConfigurationReference = 593E73799728FAE8471FDF9E /* Pods-SportsApp.debug.xcconfig */;
			buildSettings = {
				ASSETCATALOG_COMPILER_APPICON_NAME = AppIcon;
				CODE_SIGN_STYLE = Automatic;
				INFOPLIST_FILE = SportsApp/Info.plist;
				LD_RUNPATH_SEARCH_PATHS = (
					"$(inherited)",
					"@executable_path/Frameworks",
				);
				PRODUCT_BUNDLE_IDENTIFIER = "iOS-Swift.SportsApp";
				PRODUCT_NAME = "$(TARGET_NAME)";
				SWIFT_VERSION = 5.0;
				TARGETED_DEVICE_FAMILY = "1,2";
			};
			name = Debug;
		};
		E8D30A2E27A5EA6E00E34BAC /* Release */ = {
			isa = XCBuildConfiguration;
			baseConfigurationReference = 31F0F92AFA03EB053F1A9E40 /* Pods-SportsApp.release.xcconfig */;
			buildSettings = {
				ASSETCATALOG_COMPILER_APPICON_NAME = AppIcon;
				CODE_SIGN_STYLE = Automatic;
				INFOPLIST_FILE = SportsApp/Info.plist;
				LD_RUNPATH_SEARCH_PATHS = (
					"$(inherited)",
					"@executable_path/Frameworks",
				);
				PRODUCT_BUNDLE_IDENTIFIER = "iOS-Swift.SportsApp";
				PRODUCT_NAME = "$(TARGET_NAME)";
				SWIFT_VERSION = 5.0;
				TARGETED_DEVICE_FAMILY = "1,2";
			};
			name = Release;
		};
/* End XCBuildConfiguration section */

/* Begin XCConfigurationList section */
		E8D30A1027A5EA6C00E34BAC /* Build configuration list for PBXProject "SportsApp" */ = {
			isa = XCConfigurationList;
			buildConfigurations = (
				E8D30A2A27A5EA6E00E34BAC /* Debug */,
				E8D30A2B27A5EA6E00E34BAC /* Release */,
			);
			defaultConfigurationIsVisible = 0;
			defaultConfigurationName = Release;
		};
		E8D30A2C27A5EA6E00E34BAC /* Build configuration list for PBXNativeTarget "SportsApp" */ = {
			isa = XCConfigurationList;
			buildConfigurations = (
				E8D30A2D27A5EA6E00E34BAC /* Debug */,
				E8D30A2E27A5EA6E00E34BAC /* Release */,
			);
			defaultConfigurationIsVisible = 0;
			defaultConfigurationName = Release;
		};
/* End XCConfigurationList section */

/* Begin XCVersionGroup section */
		E8D30A2127A5EA6C00E34BAC /* SportsApp.xcdatamodeld */ = {
			isa = XCVersionGroup;
			children = (
				E8D30A2227A5EA6C00E34BAC /* SportsApp.xcdatamodel */,
			);
			currentVersion = E8D30A2227A5EA6C00E34BAC /* SportsApp.xcdatamodel */;
			path = SportsApp.xcdatamodeld;
			sourceTree = "<group>";
			versionGroupType = wrapper.xcdatamodel;
		};
/* End XCVersionGroup section */
	};
	rootObject = E8D30A0D27A5EA6C00E34BAC /* Project object */;
}
